{
  "name": "trpc",
  "version": "1.0.0",
  "lockfileVersion": 3,
  "requires": true,
  "packages": {
    "": {
      "name": "trpc",
      "version": "1.0.0",
      "license": "ISC",
      "dependencies": {
        "@trpc/client": "^11.0.0-rc.452",
        "@trpc/server": "^11.0.0-rc.452",
        "zod": "^3.23.8"
      }
    },
    "node_modules/@trpc/client": {
      "version": "11.0.0-rc.452",
      "resolved": "https://registry.npmjs.org/@trpc/client/-/client-11.0.0-rc.452.tgz",
      "integrity": "sha512-QAabLHbaqVAc4FOkC5QbDMRy2mEZk+mYdVjAOdeqjIwQ4jUJ/m0Dx6gEM99I7ASnT1TAuPGy6WwIWJixma6QWg==",
      "funding": [
        "https://trpc.io/sponsor"
      ],
      "license": "MIT",
      "peerDependencies": {
        "@trpc/server": "11.0.0-rc.452+8f18c400c"
      }
    },
    "node_modules/@trpc/server": {
      "version": "11.0.0-rc.452",
      "resolved": "https://registry.npmjs.org/@trpc/server/-/server-11.0.0-rc.452.tgz",
      "integrity": "sha512-sqZ2Nmh9hD/xuW5x/9tLoa7N1k/99B0eCDoVdbVtnMQZ0gH79vlLQXrbIPg6BZxu/h1i/jyHWXBmFMqN2JZ6xw==",
      "funding": [
        "https://trpc.io/sponsor"
      ],
      "license": "MIT"
    },
    "node_modules/zod": {
      "version": "3.23.8",
      "resolved": "https://registry.npmjs.org/zod/-/zod-3.23.8.tgz",
      "integrity": "sha512-XBx9AXhXktjUqnepgTiE5flcKIYWi/rme0Eaj+5Y0lftuGBq+jyRu/md4WnuxqgP1ubdpNCsYEYPxrzVHD8d6g==",
      "license": "MIT",
      "funding": {
        "url": "https://github.com/sponsors/colinhacks"
      }
    }
  }
}
